
Microsoft Visual Studio Solution File, Format Version 12.00
# Visual Studio Version 16
VisualStudioVersion = 16.0.31829.152
MinimumVisualStudioVersion = 10.0.40219.1
Project("{FAE04EC0-301F-11D3-BF4B-00C04F79EFBC}") = "WebAPI", "WebAPI\WebAPI.csproj", "{4122D78B-D53C-4652-AE6F-094BF0B1BFE6}"
EndProject
Global
	GlobalSection(SolutionConfigurationPlatforms) = preSolution
		Debug|Any CPU = Debug|Any CPU
		Release|Any CPU = Release|Any CPU
	EndGlobalSection
	GlobalSection(ProjectConfigurationPlatforms) = postSolution
		{4122D78B-D53C-4652-AE6F-094BF0B1BFE6}.Debug|Any CPU.ActiveCfg = Debug|Any CPU
		{4122D78B-D53C-4652-AE6F-094BF0B1BFE6}.Debug|Any CPU.Build.0 = Debug|Any CPU
		{4122D78B-D53C-4652-AE6F-094BF0B1BFE6}.Release|Any CPU.ActiveCfg = Release|Any CPU
		{4122D78B-D53C-4652-AE6F-094BF0B1BFE6}.Release|Any CPU.Build.0 = Release|Any CPU
	EndGlobalSection
	GlobalSection(SolutionProperties) = preSolution
		HideSolutionNode = FALSE
	EndGlobalSection
	GlobalSection(ExtensibilityGlobals) = postSolution
		SolutionGuid = {6AEA55FD-BA19-43F4-97CB-E2866786C066}
	EndGlobalSection
EndGlobal
